
Microsoft Visual Studio Solution File, Format Version 12.00
# Visual Studio 15
VisualStudioVersion = 15.0.27130.2020
MinimumVisualStudioVersion = 10.0.40219.1
Project("{8BC9CEB8-8B4A-11D0-8D11-00A0C91BC942}") = "ImageCrop", "projects\ImageCrop.vcxproj", "{76884A5E-E1EC-4FE2-9096-9503EB0A3B71}"
EndProject
Project("{2150E333-8FDC-42A3-9474-1A3956D46DE8}") = "3rd", "3rd", "{FD97D978-3DE3-4480-AA1C-7611DB365B97}"
EndProject
Project("{8BC9CEB8-8B4A-11D0-8D11-00A0C91BC942}") = "1.pimg", "..\..\ext\pimg\platform\msvc\projects\pimg.vcxproj", "{5AE91E72-1C23-4913-BEA9-1FE795C570F5}"
EndProject
Project("{8BC9CEB8-8B4A-11D0-8D11-00A0C91BC942}") = "3.gum", "..\..\ext\gum\platform\msvc\projects\gum.vcxproj", "{70C5478D-6D53-4F75-99D4-F06373175C83}"
EndProject
Project("{8BC9CEB8-8B4A-11D0-8D11-00A0C91BC942}") = "1.gimg", "..\..\ext\gimg\platform\msvc\projects\gimg.vcxproj", "{D1ACC0BE-3A2B-450F-A708-F3E84DF5E5AD}"
EndProject
Project("{8BC9CEB8-8B4A-11D0-8D11-00A0C91BC942}") = "0.cu", "..\..\ext\cu\platform\msvc\projects\cu.vcxproj", "{6055092D-EE59-4159-B923-A375401AA099}"
EndProject
Project("{8BC9CEB8-8B4A-11D0-8D11-00A0C91BC942}") = "1.guard", "..\..\ext\guard\platform\msvc\projects\guard.vcxproj", "{CC45AE0E-8C51-4759-9614-8BC321C565A0}"
EndProject
Project("{8BC9CEB8-8B4A-11D0-8D11-00A0C91BC942}") = "1.memmgr", "..\..\ext\memmgr\platform\msvc\projects\memmgr.vcxproj", "{5FFA0DE4-1489-4267-8A79-52DECC2D0351}"
EndProject
Project("{8BC9CEB8-8B4A-11D0-8D11-00A0C91BC942}") = "3.s2loader", "..\..\ext\s2loader\platform\msvc\projects\s2loader.vcxproj", "{E5A136EE-7EE1-4682-A1B1-C942CB2110E7}"
EndProject
Project("{8BC9CEB8-8B4A-11D0-8D11-00A0C91BC942}") = "0.fs", "..\..\ext\fs\platform\msvc\projects\fs.vcxproj", "{09C39B9E-27F5-4B39-9829-2815FD1C5469}"
EndProject
Project("{8BC9CEB8-8B4A-11D0-8D11-00A0C91BC942}") = "0.logger", "..\..\ext\logger\platform\msvc\projects\logger.vcxproj", "{4031B66E-39A3-401E-918A-E1424A4AF944}"
EndProject
Project("{8BC9CEB8-8B4A-11D0-8D11-00A0C91BC942}") = "1.js", "..\..\ext\js\platform\msvc\projects\js.vcxproj", "{68C18DA9-79BB-43A5-9E0C-79740AEA954B}"
EndProject
Project("{8BC9CEB8-8B4A-11D0-8D11-00A0C91BC942}") = "0.sm", "..\..\ext\sm\platform\msvc\projects\sm.vcxproj", "{81630E0D-E1EF-4837-A0EE-30435ED4FE59}"
EndProject
Project("{8BC9CEB8-8B4A-11D0-8D11-00A0C91BC942}") = "3.sprite2", "..\..\ext\sprite2\platform\msvc\projects\sprite2.vcxproj", "{CCDD6DC3-9DA2-4215-BAC6-6031699FB7E4}"
EndProject
Project("{8BC9CEB8-8B4A-11D0-8D11-00A0C91BC942}") = "3.painting2", "..\..\ext\painting2\platform\msvc\projects\painting2.vcxproj", "{18829913-B301-424C-8CD8-D95773038029}"
EndProject
Project("{8BC9CEB8-8B4A-11D0-8D11-00A0C91BC942}") = "1.shaderlab", "..\..\ext\shaderlab\platform\msvc\projects\shaderlab.vcxproj", "{5C357759-CA95-42E1-B907-DFB87A995F6C}"
EndProject
Project("{8BC9CEB8-8B4A-11D0-8D11-00A0C91BC942}") = "1.simp", "..\..\ext\simp\platform\msvc\projects\simp.vcxproj", "{D19B530F-A257-4465-A92C-381E91B47746}"
EndProject
Project("{8BC9CEB8-8B4A-11D0-8D11-00A0C91BC942}") = "1.bimp", "..\..\ext\bimp\platform\msvc\projects\bimp.vcxproj", "{F22A86E7-B73F-4F6A-9EA8-E4AE9CC9D885}"
EndProject
Project("{8BC9CEB8-8B4A-11D0-8D11-00A0C91BC942}") = "1.timp", "..\..\ext\timp\platform\msvc\projects\timp.vcxproj", "{27824966-6C3C-4874-ABFF-499DDDDB4D48}"
EndProject
Project("{8BC9CEB8-8B4A-11D0-8D11-00A0C91BC942}") = "1.s2serializer", "..\..\ext\s2serializer\platform\msvc\projects\s2serializer.vcxproj", "{B6939ACB-3794-4B2A-95DA-F99ECDF79D0F}"
EndProject
Project("{8BC9CEB8-8B4A-11D0-8D11-00A0C91BC942}") = "2.rigging", "..\..\ext\rigging\platform\msvc\projects\rigging.vcxproj", "{DBE6D3F5-4E3D-4DF8-B520-A27BCE5A5D21}"
EndProject
Project("{8BC9CEB8-8B4A-11D0-8D11-00A0C91BC942}") = "0.unirender", "..\..\ext\unirender\platform\msvc\projects\unirender.vcxproj", "{637A0E9C-1867-459D-8611-65A064E3B2C2}"
EndProject
Project("{8BC9CEB8-8B4A-11D0-8D11-00A0C91BC942}") = "2.ps", "..\..\ext\ps\platform\msvc\projects\ps.vcxproj", "{EE2229A3-AD5F-46E7-AFAB-729F8AA18036}"
EndProject
Project("{8BC9CEB8-8B4A-11D0-8D11-00A0C91BC942}") = "0.ds", "..\..\ext\ds\platform\msvc\projects\ds.vcxproj", "{E6044D31-8304-4854-99AC-CBEF18B9E7D3}"
EndProject
Project("{8BC9CEB8-8B4A-11D0-8D11-00A0C91BC942}") = "2.gtxt", "..\..\ext\gtxt\platform\msvc\projects\gtxt.vcxproj", "{EB4F1EE0-CB3B-4B2E-9655-A8E22F948575}"
EndProject
Project("{8BC9CEB8-8B4A-11D0-8D11-00A0C91BC942}") = "0.uniaudio", "..\..\ext\uniaudio\platform\msvc\projects\uniaudio.vcxproj", "{FDB8A0EB-D438-43B4-B65F-FF1B80A9D45B}"
EndProject
Project("{8BC9CEB8-8B4A-11D0-8D11-00A0C91BC942}") = "1.dtex2", "..\..\ext\dtex2\platform\msvc\projects\dtex2.vcxproj", "{A502C49C-7014-4D77-8BD9-B3F917AD34B0}"
EndProject
Project("{8BC9CEB8-8B4A-11D0-8D11-00A0C91BC942}") = "1.multitask", "..\..\ext\multitask\platform\msvc\projects\multitask.vcxproj", "{6728BB94-9882-4804-87D3-CE9CEB62FDAB}"
EndProject
Project("{8BC9CEB8-8B4A-11D0-8D11-00A0C91BC942}") = "0.texpack", "..\..\ext\texpack\platform\msvc\projects\texpack.vcxproj", "{A7737C76-5221-47A5-86B7-84BD56C47730}"
EndProject
Project("{8BC9CEB8-8B4A-11D0-8D11-00A0C91BC942}") = "2.polymesh", "..\..\ext\polymesh\platform\msvc\projects\polymesh.vcxproj", "{748F2E41-4C8F-4C0F-A90A-26ECA6741A34}"
EndProject
Project("{8BC9CEB8-8B4A-11D0-8D11-00A0C91BC942}") = "3.node3", "..\..\ext\node3\platform\msvc\projects\node3.vcxproj", "{6030CF6B-1A8B-421B-92CE-4EB965751636}"
EndProject
Project("{8BC9CEB8-8B4A-11D0-8D11-00A0C91BC942}") = "1.bs", "..\..\ext\bs\platform\msvc\projects\bs.vcxproj", "{F5E6AE49-23DC-421B-AD33-C422E8590520}"
EndProject
Project("{8BC9CEB8-8B4A-11D0-8D11-00A0C91BC942}") = "2.mtrail", "..\..\ext\mtrail\platform\msvc\projects\mtrail.vcxproj", "{A9854FD8-F2E4-4B5A-8C15-D3C661DD4DEF}"
EndProject
Project("{8BC9CEB8-8B4A-11D0-8D11-00A0C91BC942}") = "1.glp", "..\..\ext\glp\platform\msvc\projects\glp.vcxproj", "{CA120FA2-89A7-4957-A4A5-4746972AA39F}"
EndProject
Project("{8BC9CEB8-8B4A-11D0-8D11-00A0C91BC942}") = "3.node0", "..\..\ext\node0\platform\msvc\projects\node0.vcxproj", "{7F41D3CE-EF51-43B9-A6AC-8C3DF4894430}"
EndProject
Project("{8BC9CEB8-8B4A-11D0-8D11-00A0C91BC942}") = "ImageConv", "projects\ImageConv.vcxproj", "{E2AADCAC-8F80-4DF4-AAFE-C48B51508533}"
EndProject
Global
	GlobalSection(SolutionConfigurationPlatforms) = preSolution
		Debug|x86 = Debug|x86
		Release|x86 = Release|x86
	EndGlobalSection
	GlobalSection(ProjectConfigurationPlatforms) = postSolution
		{76884A5E-E1EC-4FE2-9096-9503EB0A3B71}.Debug|x86.ActiveCfg = Debug|Win32
		{76884A5E-E1EC-4FE2-9096-9503EB0A3B71}.Debug|x86.Build.0 = Debug|Win32
		{76884A5E-E1EC-4FE2-9096-9503EB0A3B71}.Release|x86.ActiveCfg = Release|Win32
		{76884A5E-E1EC-4FE2-9096-9503EB0A3B71}.Release|x86.Build.0 = Release|Win32
		{5AE91E72-1C23-4913-BEA9-1FE795C570F5}.Debug|x86.ActiveCfg = Debug|Win32
		{5AE91E72-1C23-4913-BEA9-1FE795C570F5}.Debug|x86.Build.0 = Debug|Win32
		{5AE91E72-1C23-4913-BEA9-1FE795C570F5}.Release|x86.ActiveCfg = Release|Win32
		{5AE91E72-1C23-4913-BEA9-1FE795C570F5}.Release|x86.Build.0 = Release|Win32
		{70C5478D-6D53-4F75-99D4-F06373175C83}.Debug|x86.ActiveCfg = Debug|Win32
		{70C5478D-6D53-4F75-99D4-F06373175C83}.Debug|x86.Build.0 = Debug|Win32
		{70C5478D-6D53-4F75-99D4-F06373175C83}.Release|x86.ActiveCfg = Release|Win32
		{70C5478D-6D53-4F75-99D4-F06373175C83}.Release|x86.Build.0 = Release|Win32
		{D1ACC0BE-3A2B-450F-A708-F3E84DF5E5AD}.Debug|x86.ActiveCfg = Debug|Win32
		{D1ACC0BE-3A2B-450F-A708-F3E84DF5E5AD}.Debug|x86.Build.0 = Debug|Win32
		{D1ACC0BE-3A2B-450F-A708-F3E84DF5E5AD}.Release|x86.ActiveCfg = Release|Win32
		{D1ACC0BE-3A2B-450F-A708-F3E84DF5E5AD}.Release|x86.Build.0 = Release|Win32
		{6055092D-EE59-4159-B923-A375401AA099}.Debug|x86.ActiveCfg = Debug|Win32
		{6055092D-EE59-4159-B923-A375401AA099}.Debug|x86.Build.0 = Debug|Win32
		{6055092D-EE59-4159-B923-A375401AA099}.Release|x86.ActiveCfg = Release|Win32
		{6055092D-EE59-4159-B923-A375401AA099}.Release|x86.Build.0 = Release|Win32
		{CC45AE0E-8C51-4759-9614-8BC321C565A0}.Debug|x86.ActiveCfg = Debug|Win32
		{CC45AE0E-8C51-4759-9614-8BC321C565A0}.Debug|x86.Build.0 = Debug|Win32
		{CC45AE0E-8C51-4759-9614-8BC321C565A0}.Release|x86.ActiveCfg = Release|Win32
		{CC45AE0E-8C51-4759-9614-8BC321C565A0}.Release|x86.Build.0 = Release|Win32
		{5FFA0DE4-1489-4267-8A79-52DECC2D0351}.Debug|x86.ActiveCfg = Debug|Win32
		{5FFA0DE4-1489-4267-8A79-52DECC2D0351}.Debug|x86.Build.0 = Debug|Win32
		{5FFA0DE4-1489-4267-8A79-52DECC2D0351}.Release|x86.ActiveCfg = Release|Win32
		{5FFA0DE4-1489-4267-8A79-52DECC2D0351}.Release|x86.Build.0 = Release|Win32
		{E5A136EE-7EE1-4682-A1B1-C942CB2110E7}.Debug|x86.ActiveCfg = Debug|Win32
		{E5A136EE-7EE1-4682-A1B1-C942CB2110E7}.Debug|x86.Build.0 = Debug|Win32
		{E5A136EE-7EE1-4682-A1B1-C942CB2110E7}.Release|x86.ActiveCfg = Release|Win32
		{E5A136EE-7EE1-4682-A1B1-C942CB2110E7}.Release|x86.Build.0 = Release|Win32
		{09C39B9E-27F5-4B39-9829-2815FD1C5469}.Debug|x86.ActiveCfg = Debug|Win32
		{09C39B9E-27F5-4B39-9829-2815FD1C5469}.Debug|x86.Build.0 = Debug|Win32
		{09C39B9E-27F5-4B39-9829-2815FD1C5469}.Release|x86.ActiveCfg = Release|Win32
		{09C39B9E-27F5-4B39-9829-2815FD1C5469}.Release|x86.Build.0 = Release|Win32
		{4031B66E-39A3-401E-918A-E1424A4AF944}.Debug|x86.ActiveCfg = Debug|Win32
		{4031B66E-39A3-401E-918A-E1424A4AF944}.Debug|x86.Build.0 = Debug|Win32
		{4031B66E-39A3-401E-918A-E1424A4AF944}.Release|x86.ActiveCfg = Release|Win32
		{4031B66E-39A3-401E-918A-E1424A4AF944}.Release|x86.Build.0 = Release|Win32
		{68C18DA9-79BB-43A5-9E0C-79740AEA954B}.Debug|x86.ActiveCfg = Debug|Win32
		{68C18DA9-79BB-43A5-9E0C-79740AEA954B}.Debug|x86.Build.0 = Debug|Win32
		{68C18DA9-79BB-43A5-9E0C-79740AEA954B}.Release|x86.ActiveCfg = Release|Win32
		{68C18DA9-79BB-43A5-9E0C-79740AEA954B}.Release|x86.Build.0 = Release|Win32
		{81630E0D-E1EF-4837-A0EE-30435ED4FE59}.Debug|x86.ActiveCfg = Debug|Win32
		{81630E0D-E1EF-4837-A0EE-30435ED4FE59}.Debug|x86.Build.0 = Debug|Win32
		{81630E0D-E1EF-4837-A0EE-30435ED4FE59}.Release|x86.ActiveCfg = Release|Win32
		{81630E0D-E1EF-4837-A0EE-30435ED4FE59}.Release|x86.Build.0 = Release|Win32
		{CCDD6DC3-9DA2-4215-BAC6-6031699FB7E4}.Debug|x86.ActiveCfg = Debug|Win32
		{CCDD6DC3-9DA2-4215-BAC6-6031699FB7E4}.Debug|x86.Build.0 = Debug|Win32
		{CCDD6DC3-9DA2-4215-BAC6-6031699FB7E4}.Release|x86.ActiveCfg = Release|Win32
		{CCDD6DC3-9DA2-4215-BAC6-6031699FB7E4}.Release|x86.Build.0 = Release|Win32
		{18829913-B301-424C-8CD8-D95773038029}.Debug|x86.ActiveCfg = Debug|Win32
		{18829913-B301-424C-8CD8-D95773038029}.Debug|x86.Build.0 = Debug|Win32
		{18829913-B301-424C-8CD8-D95773038029}.Release|x86.ActiveCfg = Release|Win32
		{18829913-B301-424C-8CD8-D95773038029}.Release|x86.Build.0 = Release|Win32
		{5C357759-CA95-42E1-B907-DFB87A995F6C}.Debug|x86.ActiveCfg = Debug|Win32
		{5C357759-CA95-42E1-B907-DFB87A995F6C}.Debug|x86.Build.0 = Debug|Win32
		{5C357759-CA95-42E1-B907-DFB87A995F6C}.Release|x86.ActiveCfg = Release|Win32
		{5C357759-CA95-42E1-B907-DFB87A995F6C}.Release|x86.Build.0 = Release|Win32
		{D19B530F-A257-4465-A92C-381E91B47746}.Debug|x86.ActiveCfg = Debug|Win32
		{D19B530F-A257-4465-A92C-381E91B47746}.Debug|x86.Build.0 = Debug|Win32
		{D19B530F-A257-4465-A92C-381E91B47746}.Release|x86.ActiveCfg = Release|Win32
		{D19B530F-A257-4465-A92C-381E91B47746}.Release|x86.Build.0 = Release|Win32
		{F22A86E7-B73F-4F6A-9EA8-E4AE9CC9D885}.Debug|x86.ActiveCfg = Debug|Win32
		{F22A86E7-B73F-4F6A-9EA8-E4AE9CC9D885}.Debug|x86.Build.0 = Debug|Win32
		{F22A86E7-B73F-4F6A-9EA8-E4AE9CC9D885}.Release|x86.ActiveCfg = Release|Win32
		{F22A86E7-B73F-4F6A-9EA8-E4AE9CC9D885}.Release|x86.Build.0 = Release|Win32
		{27824966-6C3C-4874-ABFF-499DDDDB4D48}.Debug|x86.ActiveCfg = Debug|Win32
		{27824966-6C3C-4874-ABFF-499DDDDB4D48}.Debug|x86.Build.0 = Debug|Win32
		{27824966-6C3C-4874-ABFF-499DDDDB4D48}.Release|x86.ActiveCfg = Release|Win32
		{27824966-6C3C-4874-ABFF-499DDDDB4D48}.Release|x86.Build.0 = Release|Win32
		{B6939ACB-3794-4B2A-95DA-F99ECDF79D0F}.Debug|x86.ActiveCfg = Debug|Win32
		{B6939ACB-3794-4B2A-95DA-F99ECDF79D0F}.Debug|x86.Build.0 = Debug|Win32
		{B6939ACB-3794-4B2A-95DA-F99ECDF79D0F}.Release|x86.ActiveCfg = Release|Win32
		{B6939ACB-3794-4B2A-95DA-F99ECDF79D0F}.Release|x86.Build.0 = Release|Win32
		{DBE6D3F5-4E3D-4DF8-B520-A27BCE5A5D21}.Debug|x86.ActiveCfg = Debug|Win32
		{DBE6D3F5-4E3D-4DF8-B520-A27BCE5A5D21}.Debug|x86.Build.0 = Debug|Win32
		{DBE6D3F5-4E3D-4DF8-B520-A27BCE5A5D21}.Release|x86.ActiveCfg = Release|Win32
		{DBE6D3F5-4E3D-4DF8-B520-A27BCE5A5D21}.Release|x86.Build.0 = Release|Win32
		{637A0E9C-1867-459D-8611-65A064E3B2C2}.Debug|x86.ActiveCfg = Debug|Win32
		{637A0E9C-1867-459D-8611-65A064E3B2C2}.Debug|x86.Build.0 = Debug|Win32
		{637A0E9C-1867-459D-8611-65A064E3B2C2}.Release|x86.ActiveCfg = Release|Win32
		{637A0E9C-1867-459D-8611-65A064E3B2C2}.Release|x86.Build.0 = Release|Win32
		{EE2229A3-AD5F-46E7-AFAB-729F8AA18036}.Debug|x86.ActiveCfg = Debug|Win32
		{EE2229A3-AD5F-46E7-AFAB-729F8AA18036}.Debug|x86.Build.0 = Debug|Win32
		{EE2229A3-AD5F-46E7-AFAB-729F8AA18036}.Release|x86.ActiveCfg = Release|Win32
		{EE2229A3-AD5F-46E7-AFAB-729F8AA18036}.Release|x86.Build.0 = Release|Win32
		{E6044D31-8304-4854-99AC-CBEF18B9E7D3}.Debug|x86.ActiveCfg = Debug|Win32
		{E6044D31-8304-4854-99AC-CBEF18B9E7D3}.Debug|x86.Build.0 = Debug|Win32
		{E6044D31-8304-4854-99AC-CBEF18B9E7D3}.Release|x86.ActiveCfg = Release|Win32
		{E6044D31-8304-4854-99AC-CBEF18B9E7D3}.Release|x86.Build.0 = Release|Win32
		{EB4F1EE0-CB3B-4B2E-9655-A8E22F948575}.Debug|x86.ActiveCfg = Debug|Win32
		{EB4F1EE0-CB3B-4B2E-9655-A8E22F948575}.Debug|x86.Build.0 = Debug|Win32
		{EB4F1EE0-CB3B-4B2E-9655-A8E22F948575}.Release|x86.ActiveCfg = Release|Win32
		{EB4F1EE0-CB3B-4B2E-9655-A8E22F948575}.Release|x86.Build.0 = Release|Win32
		{FDB8A0EB-D438-43B4-B65F-FF1B80A9D45B}.Debug|x86.ActiveCfg = Debug|Win32
		{FDB8A0EB-D438-43B4-B65F-FF1B80A9D45B}.Debug|x86.Build.0 = Debug|Win32
		{FDB8A0EB-D438-43B4-B65F-FF1B80A9D45B}.Release|x86.ActiveCfg = Release|Win32
		{FDB8A0EB-D438-43B4-B65F-FF1B80A9D45B}.Release|x86.Build.0 = Release|Win32
		{A502C49C-7014-4D77-8BD9-B3F917AD34B0}.Debug|x86.ActiveCfg = Debug|Win32
		{A502C49C-7014-4D77-8BD9-B3F917AD34B0}.Debug|x86.Build.0 = Debug|Win32
		{A502C49C-7014-4D77-8BD9-B3F917AD34B0}.Release|x86.ActiveCfg = Release|Win32
		{A502C49C-7014-4D77-8BD9-B3F917AD34B0}.Release|x86.Build.0 = Release|Win32
		{6728BB94-9882-4804-87D3-CE9CEB62FDAB}.Debug|x86.ActiveCfg = Debug|Win32
		{6728BB94-9882-4804-87D3-CE9CEB62FDAB}.Debug|x86.Build.0 = Debug|Win32
		{6728BB94-9882-4804-87D3-CE9CEB62FDAB}.Release|x86.ActiveCfg = Release|Win32
		{6728BB94-9882-4804-87D3-CE9CEB62FDAB}.Release|x86.Build.0 = Release|Win32
		{A7737C76-5221-47A5-86B7-84BD56C47730}.Debug|x86.ActiveCfg = Debug|Win32
		{A7737C76-5221-47A5-86B7-84BD56C47730}.Debug|x86.Build.0 = Debug|Win32
		{A7737C76-5221-47A5-86B7-84BD56C47730}.Release|x86.ActiveCfg = Release|Win32
		{A7737C76-5221-47A5-86B7-84BD56C47730}.Release|x86.Build.0 = Release|Win32
		{748F2E41-4C8F-4C0F-A90A-26ECA6741A34}.Debug|x86.ActiveCfg = Debug|Win32
		{748F2E41-4C8F-4C0F-A90A-26ECA6741A34}.Debug|x86.Build.0 = Debug|Win32
		{748F2E41-4C8F-4C0F-A90A-26ECA6741A34}.Release|x86.ActiveCfg = Release|Win32
		{748F2E41-4C8F-4C0F-A90A-26ECA6741A34}.Release|x86.Build.0 = Release|Win32
		{6030CF6B-1A8B-421B-92CE-4EB965751636}.Debug|x86.ActiveCfg = Debug|Win32
		{6030CF6B-1A8B-421B-92CE-4EB965751636}.Debug|x86.Build.0 = Debug|Win32
		{6030CF6B-1A8B-421B-92CE-4EB965751636}.Release|x86.ActiveCfg = Release|Win32
		{6030CF6B-1A8B-421B-92CE-4EB965751636}.Release|x86.Build.0 = Release|Win32
		{F5E6AE49-23DC-421B-AD33-C422E8590520}.Debug|x86.ActiveCfg = Debug|Win32
		{F5E6AE49-23DC-421B-AD33-C422E8590520}.Debug|x86.Build.0 = Debug|Win32
		{F5E6AE49-23DC-421B-AD33-C422E8590520}.Release|x86.ActiveCfg = Release|Win32
		{F5E6AE49-23DC-421B-AD33-C422E8590520}.Release|x86.Build.0 = Release|Win32
		{A9854FD8-F2E4-4B5A-8C15-D3C661DD4DEF}.Debug|x86.ActiveCfg = Debug|Win32
		{A9854FD8-F2E4-4B5A-8C15-D3C661DD4DEF}.Debug|x86.Build.0 = Debug|Win32
		{A9854FD8-F2E4-4B5A-8C15-D3C661DD4DEF}.Release|x86.ActiveCfg = Release|Win32
		{A9854FD8-F2E4-4B5A-8C15-D3C661DD4DEF}.Release|x86.Build.0 = Release|Win32
		{CA120FA2-89A7-4957-A4A5-4746972AA39F}.Debug|x86.ActiveCfg = Debug|Win32
		{CA120FA2-89A7-4957-A4A5-4746972AA39F}.Debug|x86.Build.0 = Debug|Win32
		{CA120FA2-89A7-4957-A4A5-4746972AA39F}.Release|x86.ActiveCfg = Release|Win32
		{CA120FA2-89A7-4957-A4A5-4746972AA39F}.Release|x86.Build.0 = Release|Win32
		{7F41D3CE-EF51-43B9-A6AC-8C3DF4894430}.Debug|x86.ActiveCfg = Debug|Win32
		{7F41D3CE-EF51-43B9-A6AC-8C3DF4894430}.Debug|x86.Build.0 = Debug|Win32
		{7F41D3CE-EF51-43B9-A6AC-8C3DF4894430}.Release|x86.ActiveCfg = Release|Win32
		{7F41D3CE-EF51-43B9-A6AC-8C3DF4894430}.Release|x86.Build.0 = Release|Win32
		{E2AADCAC-8F80-4DF4-AAFE-C48B51508533}.Debug|x86.ActiveCfg = Debug|Win32
		{E2AADCAC-8F80-4DF4-AAFE-C48B51508533}.Debug|x86.Build.0 = Debug|Win32
		{E2AADCAC-8F80-4DF4-AAFE-C48B51508533}.Release|x86.ActiveCfg = Release|Win32
		{E2AADCAC-8F80-4DF4-AAFE-C48B51508533}.Release|x86.Build.0 = Release|Win32
	EndGlobalSection
	GlobalSection(SolutionProperties) = preSolution
		HideSolutionNode = FALSE
	EndGlobalSection
	GlobalSection(NestedProjects) = preSolution
		{5AE91E72-1C23-4913-BEA9-1FE795C570F5} = {FD97D978-3DE3-4480-AA1C-7611DB365B97}
		{70C5478D-6D53-4F75-99D4-F06373175C83} = {FD97D978-3DE3-4480-AA1C-7611DB365B97}
		{D1ACC0BE-3A2B-450F-A708-F3E84DF5E5AD} = {FD97D978-3DE3-4480-AA1C-7611DB365B97}
		{6055092D-EE59-4159-B923-A375401AA099} = {FD97D978-3DE3-4480-AA1C-7611DB365B97}
		{CC45AE0E-8C51-4759-9614-8BC321C565A0} = {FD97D978-3DE3-4480-AA1C-7611DB365B97}
		{5FFA0DE4-1489-4267-8A79-52DECC2D0351} = {FD97D978-3DE3-4480-AA1C-7611DB365B97}
		{E5A136EE-7EE1-4682-A1B1-C942CB2110E7} = {FD97D978-3DE3-4480-AA1C-7611DB365B97}
		{09C39B9E-27F5-4B39-9829-2815FD1C5469} = {FD97D978-3DE3-4480-AA1C-7611DB365B97}
		{4031B66E-39A3-401E-918A-E1424A4AF944} = {FD97D978-3DE3-4480-AA1C-7611DB365B97}
		{68C18DA9-79BB-43A5-9E0C-79740AEA954B} = {FD97D978-3DE3-4480-AA1C-7611DB365B97}
		{81630E0D-E1EF-4837-A0EE-30435ED4FE59} = {FD97D978-3DE3-4480-AA1C-7611DB365B97}
		{CCDD6DC3-9DA2-4215-BAC6-6031699FB7E4} = {FD97D978-3DE3-4480-AA1C-7611DB365B97}
		{18829913-B301-424C-8CD8-D95773038029} = {FD97D978-3DE3-4480-AA1C-7611DB365B97}
		{5C357759-CA95-42E1-B907-DFB87A995F6C} = {FD97D978-3DE3-4480-AA1C-7611DB365B97}
		{D19B530F-A257-4465-A92C-381E91B47746} = {FD97D978-3DE3-4480-AA1C-7611DB365B97}
		{F22A86E7-B73F-4F6A-9EA8-E4AE9CC9D885} = {FD97D978-3DE3-4480-AA1C-7611DB365B97}
		{27824966-6C3C-4874-ABFF-499DDDDB4D48} = {FD97D978-3DE3-4480-AA1C-7611DB365B97}
		{B6939ACB-3794-4B2A-95DA-F99ECDF79D0F} = {FD97D978-3DE3-4480-AA1C-7611DB365B97}
		{DBE6D3F5-4E3D-4DF8-B520-A27BCE5A5D21} = {FD97D978-3DE3-4480-AA1C-7611DB365B97}
		{637A0E9C-1867-459D-8611-65A064E3B2C2} = {FD97D978-3DE3-4480-AA1C-7611DB365B97}
		{EE2229A3-AD5F-46E7-AFAB-729F8AA18036} = {FD97D978-3DE3-4480-AA1C-7611DB365B97}
		{E6044D31-8304-4854-99AC-CBEF18B9E7D3} = {FD97D978-3DE3-4480-AA1C-7611DB365B97}
		{EB4F1EE0-CB3B-4B2E-9655-A8E22F948575} = {FD97D978-3DE3-4480-AA1C-7611DB365B97}
		{FDB8A0EB-D438-43B4-B65F-FF1B80A9D45B} = {FD97D978-3DE3-4480-AA1C-7611DB365B97}
		{A502C49C-7014-4D77-8BD9-B3F917AD34B0} = {FD97D978-3DE3-4480-AA1C-7611DB365B97}
		{6728BB94-9882-4804-87D3-CE9CEB62FDAB} = {FD97D978-3DE3-4480-AA1C-7611DB365B97}
		{A7737C76-5221-47A5-86B7-84BD56C47730} = {FD97D978-3DE3-4480-AA1C-7611DB365B97}
		{748F2E41-4C8F-4C0F-A90A-26ECA6741A34} = {FD97D978-3DE3-4480-AA1C-7611DB365B97}
		{6030CF6B-1A8B-421B-92CE-4EB965751636} = {FD97D978-3DE3-4480-AA1C-7611DB365B97}
		{F5E6AE49-23DC-421B-AD33-C422E8590520} = {FD97D978-3DE3-4480-AA1C-7611DB365B97}
		{A9854FD8-F2E4-4B5A-8C15-D3C661DD4DEF} = {FD97D978-3DE3-4480-AA1C-7611DB365B97}
		{CA120FA2-89A7-4957-A4A5-4746972AA39F} = {FD97D978-3DE3-4480-AA1C-7611DB365B97}
		{7F41D3CE-EF51-43B9-A6AC-8C3DF4894430} = {FD97D978-3DE3-4480-AA1C-7611DB365B97}
	EndGlobalSection
	GlobalSection(ExtensibilityGlobals) = postSolution
		SolutionGuid = {8D54C01A-3C82-4351-A325-2853C3E81322}
	EndGlobalSection
EndGlobal
