
Microsoft Visual Studio Solution File, Format Version 12.00
# Visual Studio 15
VisualStudioVersion = 15.0.27130.2020
MinimumVisualStudioVersion = 10.0.40219.1
Project("{8BC9CEB8-8B4A-11D0-8D11-00A0C91BC942}") = "ImageCrop", "projects\ImageCrop.vcxproj", "{76884A5E-E1EC-4FE2-9096-9503EB0A3B71}"
EndProject
Project("{2150E333-8FDC-42A3-9474-1A3956D46DE8}") = "3rd", "3rd", "{FD97D978-3DE3-4480-AA1C-7611DB365B97}"
EndProject
Project("{8BC9CEB8-8B4A-11D0-8D11-00A0C91BC942}") = "1.pimg", "..\..\ext\pimg\platform\msvc\projects\pimg.vcxproj", "{5AE91E72-1C23-4913-BEA9-1FE795C570F5}"
EndProject
Project("{8BC9CEB8-8B4A-11D0-8D11-00A0C91BC942}") = "1.gimg", "..\..\ext\gimg\platform\msvc\projects\gimg.vcxproj", "{D1ACC0BE-3A2B-450F-A708-F3E84DF5E5AD}"
EndProject
Project("{8BC9CEB8-8B4A-11D0-8D11-00A0C91BC942}") = "0.cu", "..\..\ext\cu\platform\msvc\projects\cu.vcxproj", "{6055092D-EE59-4159-B923-A375401AA099}"
EndProject
Project("{8BC9CEB8-8B4A-11D0-8D11-00A0C91BC942}") = "1.guard", "..\..\ext\guard\platform\msvc\projects\guard.vcxproj", "{CC45AE0E-8C51-4759-9614-8BC321C565A0}"
EndProject
Project("{8BC9CEB8-8B4A-11D0-8D11-00A0C91BC942}") = "1.memmgr", "..\..\ext\memmgr\platform\msvc\projects\memmgr.vcxproj", "{5FFA0DE4-1489-4267-8A79-52DECC2D0351}"
EndProject
Project("{8BC9CEB8-8B4A-11D0-8D11-00A0C91BC942}") = "0.fs", "..\..\ext\fs\platform\msvc\projects\fs.vcxproj", "{09C39B9E-27F5-4B39-9829-2815FD1C5469}"
EndProject
Project("{8BC9CEB8-8B4A-11D0-8D11-00A0C91BC942}") = "0.logger", "..\..\ext\logger\platform\msvc\projects\logger.vcxproj", "{4031B66E-39A3-401E-918A-E1424A4AF944}"
EndProject
Project("{8BC9CEB8-8B4A-11D0-8D11-00A0C91BC942}") = "1.js", "..\..\ext\js\platform\msvc\projects\js.vcxproj", "{68C18DA9-79BB-43A5-9E0C-79740AEA954B}"
EndProject
Project("{8BC9CEB8-8B4A-11D0-8D11-00A0C91BC942}") = "0.sm", "..\..\ext\sm\platform\msvc\projects\sm.vcxproj", "{81630E0D-E1EF-4837-A0EE-30435ED4FE59}"
EndProject
Project("{8BC9CEB8-8B4A-11D0-8D11-00A0C91BC942}") = "3.painting2", "..\..\ext\painting2\platform\msvc\projects\painting2.vcxproj", "{18829913-B301-424C-8CD8-D95773038029}"
EndProject
Project("{8BC9CEB8-8B4A-11D0-8D11-00A0C91BC942}") = "1.shaderlab", "..\..\ext\shaderlab\platform\msvc\projects\shaderlab.vcxproj", "{5C357759-CA95-42E1-B907-DFB87A995F6C}"
EndProject
Project("{8BC9CEB8-8B4A-11D0-8D11-00A0C91BC942}") = "2.rigging", "..\..\ext\rigging\platform\msvc\projects\rigging.vcxproj", "{DBE6D3F5-4E3D-4DF8-B520-A27BCE5A5D21}"
EndProject
Project("{8BC9CEB8-8B4A-11D0-8D11-00A0C91BC942}") = "0.unirender", "..\..\ext\unirender\platform\msvc\projects\unirender.vcxproj", "{637A0E9C-1867-459D-8611-65A064E3B2C2}"
EndProject
Project("{8BC9CEB8-8B4A-11D0-8D11-00A0C91BC942}") = "2.ps", "..\..\ext\ps\platform\msvc\projects\ps.vcxproj", "{EE2229A3-AD5F-46E7-AFAB-729F8AA18036}"
EndProject
Project("{8BC9CEB8-8B4A-11D0-8D11-00A0C91BC942}") = "0.ds", "..\..\ext\ds\platform\msvc\projects\ds.vcxproj", "{E6044D31-8304-4854-99AC-CBEF18B9E7D3}"
EndProject
Project("{8BC9CEB8-8B4A-11D0-8D11-00A0C91BC942}") = "2.gtxt", "..\..\ext\gtxt\platform\msvc\projects\gtxt.vcxproj", "{EB4F1EE0-CB3B-4B2E-9655-A8E22F948575}"
EndProject
Project("{8BC9CEB8-8B4A-11D0-8D11-00A0C91BC942}") = "0.uniaudio", "..\..\ext\uniaudio\platform\msvc\projects\uniaudio.vcxproj", "{FDB8A0EB-D438-43B4-B65F-FF1B80A9D45B}"
EndProject
Project("{8BC9CEB8-8B4A-11D0-8D11-00A0C91BC942}") = "1.dtex2", "..\..\ext\dtex2\platform\msvc\projects\dtex2.vcxproj", "{A502C49C-7014-4D77-8BD9-B3F917AD34B0}"
EndProject
Project("{8BC9CEB8-8B4A-11D0-8D11-00A0C91BC942}") = "1.multitask", "..\..\ext\multitask\platform\msvc\projects\multitask.vcxproj", "{6728BB94-9882-4804-87D3-CE9CEB62FDAB}"
EndProject
Project("{8BC9CEB8-8B4A-11D0-8D11-00A0C91BC942}") = "0.texpack", "..\..\ext\texpack\platform\msvc\projects\texpack.vcxproj", "{A7737C76-5221-47A5-86B7-84BD56C47730}"
EndProject
Project("{8BC9CEB8-8B4A-11D0-8D11-00A0C91BC942}") = "2.polymesh", "..\..\ext\polymesh\platform\msvc\projects\polymesh.vcxproj", "{748F2E41-4C8F-4C0F-A90A-26ECA6741A34}"
EndProject
Project("{8BC9CEB8-8B4A-11D0-8D11-00A0C91BC942}") = "3.node3", "..\..\ext\node3\platform\msvc\projects\node3.vcxproj", "{6030CF6B-1A8B-421B-92CE-4EB965751636}"
EndProject
Project("{8BC9CEB8-8B4A-11D0-8D11-00A0C91BC942}") = "1.bs", "..\..\ext\bs\platform\msvc\projects\bs.vcxproj", "{F5E6AE49-23DC-421B-AD33-C422E8590520}"
EndProject
Project("{8BC9CEB8-8B4A-11D0-8D11-00A0C91BC942}") = "2.mtrail", "..\..\ext\mtrail\platform\msvc\projects\mtrail.vcxproj", "{A9854FD8-F2E4-4B5A-8C15-D3C661DD4DEF}"
EndProject
Project("{8BC9CEB8-8B4A-11D0-8D11-00A0C91BC942}") = "1.glp", "..\..\ext\glp\platform\msvc\projects\glp.vcxproj", "{CA120FA2-89A7-4957-A4A5-4746972AA39F}"
EndProject
Project("{8BC9CEB8-8B4A-11D0-8D11-00A0C91BC942}") = "3.node0", "..\..\ext\node0\platform\msvc\projects\node0.vcxproj", "{7F41D3CE-EF51-43B9-A6AC-8C3DF4894430}"
EndProject
Project("{8BC9CEB8-8B4A-11D0-8D11-00A0C91BC942}") = "ImageConv", "projects\ImageConv.vcxproj", "{E2AADCAC-8F80-4DF4-AAFE-C48B51508533}"
EndProject
Project("{8BC9CEB8-8B4A-11D0-8D11-00A0C91BC942}") = "1.camera25", "..\..\ext\camera25\platform\msvc\projects\camera25.vcxproj", "{510EAACB-B026-43F3-A68D-3EC421E46DD0}"
EndProject
Project("{8BC9CEB8-8B4A-11D0-8D11-00A0C91BC942}") = "1.rapidvg", "..\..\ext\rapidvg\platform\msvc\projects\rapidvg.vcxproj", "{66207E9A-031C-402B-9E3E-FA5599A1C89B}"
EndProject
Project("{2150E333-8FDC-42A3-9474-1A3956D46DE8}") = "1.tools", "1.tools", "{1ECCB608-E7FC-4817-88D7-E24DB732A472}"
EndProject
Project("{2150E333-8FDC-42A3-9474-1A3956D46DE8}") = "3.assets", "3.assets", "{6E78CA69-AE4F-4D0D-A979-087183076939}"
EndProject
Project("{2150E333-8FDC-42A3-9474-1A3956D46DE8}") = "4.preprocess", "4.preprocess", "{52D71E34-7CEF-4BEC-BFFE-F71BA5E271D3}"
EndProject
Project("{2150E333-8FDC-42A3-9474-1A3956D46DE8}") = "5.scenegraph", "5.scenegraph", "{523A8627-A1DC-4793-92CB-A23CB82180ED}"
EndProject
Project("{8BC9CEB8-8B4A-11D0-8D11-00A0C91BC942}") = "3.node2", "..\..\ext\node2\platform\msvc\projects\node2.vcxproj", "{88574804-351F-4308-BD45-E33F503FDD70}"
EndProject
Project("{2150E333-8FDC-42A3-9474-1A3956D46DE8}") = "6.render", "6.render", "{C4E0004D-4B0E-4F5B-9553-E5C40D575A2A}"
EndProject
Project("{8BC9CEB8-8B4A-11D0-8D11-00A0C91BC942}") = "2.cooking", "..\..\ext\cooking\platform\msvc\projects\cooking.vcxproj", "{4EEE80E8-662F-4EC2-A19B-68B1D7F8C46F}"
EndProject
Project("{8BC9CEB8-8B4A-11D0-8D11-00A0C91BC942}") = "3.painting3", "..\..\ext\painting3\platform\msvc\projects\painting3.vcxproj", "{0BA2F6EF-159C-4330-8A7B-74C931CFF5F9}"
EndProject
Project("{2150E333-8FDC-42A3-9474-1A3956D46DE8}") = "6.serializer", "6.serializer", "{F5218508-9DDA-4A96-BFCD-688C46B4180A}"
EndProject
Project("{2150E333-8FDC-42A3-9474-1A3956D46DE8}") = "7.wrapper", "7.wrapper", "{86E6E106-4572-4E82-864F-1FF49B0C9441}"
EndProject
Project("{8BC9CEB8-8B4A-11D0-8D11-00A0C91BC942}") = "ImageTrans", "projects\ImageTrans.vcxproj", "{C2F9D0FF-6A33-4A29-BA66-7BBF6EC57D02}"
EndProject
Project("{8BC9CEB8-8B4A-11D0-8D11-00A0C91BC942}") = "toolchain", "projects\toolchain.vcxproj", "{23803B4B-8214-46DA-828B-F66EE0B095DA}"
EndProject
Project("{2150E333-8FDC-42A3-9474-1A3956D46DE8}") = "lib", "lib", "{4FA566D9-2D4A-4224-B004-84AD2D39BAD7}"
EndProject
Project("{8BC9CEB8-8B4A-11D0-8D11-00A0C91BC942}") = "3.model", "..\..\ext\model\platform\msvc\projects\model.vcxproj", "{4ABA57FF-958F-4077-9010-B25FC862469B}"
EndProject
Project("{2150E333-8FDC-42A3-9474-1A3956D46DE8}") = "0.utilities", "0.utilities", "{FB326531-66D8-4FA3-8EE1-766C2FFFC441}"
EndProject
Project("{8BC9CEB8-8B4A-11D0-8D11-00A0C91BC942}") = "1.stat", "..\..\ext\stat\platform\msvc\projects\stat.vcxproj", "{16868CDE-6DEF-4136-8CC8-75212F34462E}"
EndProject
Project("{8BC9CEB8-8B4A-11D0-8D11-00A0C91BC942}") = "3.anim", "..\..\ext\anim\platform\msvc\projects\anim.vcxproj", "{8F1C8DB8-6B46-40C8-9ACF-E6AD237E47D4}"
EndProject
Project("{8BC9CEB8-8B4A-11D0-8D11-00A0C91BC942}") = "3.emitter", "..\..\ext\emitter\platform\msvc\projects\emitter.vcxproj", "{DBEF5985-8371-4D60-BDE1-0CD58F8017F8}"
EndProject
Project("{2150E333-8FDC-42A3-9474-1A3956D46DE8}") = "0.tools", "0.tools", "{06BB1CEF-7A3C-4F5C-BC78-BEEBBD321038}"
EndProject
Project("{8BC9CEB8-8B4A-11D0-8D11-00A0C91BC942}") = "1.playdb", "..\..\ext\playdb\platform\msvc\projects\playdb.vcxproj", "{E421CC5F-0909-4F8D-8E9A-BCB52E0E8350}"
EndProject
Project("{8BC9CEB8-8B4A-11D0-8D11-00A0C91BC942}") = "2.nserializer", "..\..\ext\nserializer\platform\msvc\projects\nserializer.vcxproj", "{8B91994C-018B-4664-B615-A1EAC669CA5C}"
EndProject
Project("{8BC9CEB8-8B4A-11D0-8D11-00A0C91BC942}") = "3.serializerx", "..\..\ext\serializerx\platform\msvc\projects\serializerx.vcxproj", "{E8C6FFA3-644E-45C9-BE61-8633DB5202F9}"
EndProject
Project("{8BC9CEB8-8B4A-11D0-8D11-00A0C91BC942}") = "3.facade", "..\..\ext\facade\platform\msvc\projects\facade.vcxproj", "{2370B721-44D7-4C75-82A3-0DA31B485CF0}"
EndProject
Project("{8BC9CEB8-8B4A-11D0-8D11-00A0C91BC942}") = "4.moon", "..\..\ext\moon\platform\msvc\projects\moon.vcxproj", "{9FB05942-DCAE-4A6F-8F99-86E20DE9DFCC}"
EndProject
Project("{8BC9CEB8-8B4A-11D0-8D11-00A0C91BC942}") = "ResPacker", "projects\ResPacker.vcxproj", "{D2391076-CB41-4144-8DA2-398645025ACD}"
EndProject
Project("{8BC9CEB8-8B4A-11D0-8D11-00A0C91BC942}") = "Quake", "projects\Quake.vcxproj", "{A195A500-4DB0-4E64-BEA7-CF45A904B755}"
EndProject
Global
	GlobalSection(SolutionConfigurationPlatforms) = preSolution
		Debug|x86 = Debug|x86
		Release|x86 = Release|x86
	EndGlobalSection
	GlobalSection(ProjectConfigurationPlatforms) = postSolution
		{76884A5E-E1EC-4FE2-9096-9503EB0A3B71}.Debug|x86.ActiveCfg = Debug|Win32
		{76884A5E-E1EC-4FE2-9096-9503EB0A3B71}.Debug|x86.Build.0 = Debug|Win32
		{76884A5E-E1EC-4FE2-9096-9503EB0A3B71}.Release|x86.ActiveCfg = Release|Win32
		{76884A5E-E1EC-4FE2-9096-9503EB0A3B71}.Release|x86.Build.0 = Release|Win32
		{5AE91E72-1C23-4913-BEA9-1FE795C570F5}.Debug|x86.ActiveCfg = Debug|Win32
		{5AE91E72-1C23-4913-BEA9-1FE795C570F5}.Debug|x86.Build.0 = Debug|Win32
		{5AE91E72-1C23-4913-BEA9-1FE795C570F5}.Release|x86.ActiveCfg = Release|Win32
		{5AE91E72-1C23-4913-BEA9-1FE795C570F5}.Release|x86.Build.0 = Release|Win32
		{D1ACC0BE-3A2B-450F-A708-F3E84DF5E5AD}.Debug|x86.ActiveCfg = Debug|Win32
		{D1ACC0BE-3A2B-450F-A708-F3E84DF5E5AD}.Debug|x86.Build.0 = Debug|Win32
		{D1ACC0BE-3A2B-450F-A708-F3E84DF5E5AD}.Release|x86.ActiveCfg = Release|Win32
		{D1ACC0BE-3A2B-450F-A708-F3E84DF5E5AD}.Release|x86.Build.0 = Release|Win32
		{6055092D-EE59-4159-B923-A375401AA099}.Debug|x86.ActiveCfg = Debug|Win32
		{6055092D-EE59-4159-B923-A375401AA099}.Debug|x86.Build.0 = Debug|Win32
		{6055092D-EE59-4159-B923-A375401AA099}.Release|x86.ActiveCfg = Release|Win32
		{6055092D-EE59-4159-B923-A375401AA099}.Release|x86.Build.0 = Release|Win32
		{CC45AE0E-8C51-4759-9614-8BC321C565A0}.Debug|x86.ActiveCfg = Debug|Win32
		{CC45AE0E-8C51-4759-9614-8BC321C565A0}.Debug|x86.Build.0 = Debug|Win32
		{CC45AE0E-8C51-4759-9614-8BC321C565A0}.Release|x86.ActiveCfg = Release|Win32
		{CC45AE0E-8C51-4759-9614-8BC321C565A0}.Release|x86.Build.0 = Release|Win32
		{5FFA0DE4-1489-4267-8A79-52DECC2D0351}.Debug|x86.ActiveCfg = Debug|Win32
		{5FFA0DE4-1489-4267-8A79-52DECC2D0351}.Debug|x86.Build.0 = Debug|Win32
		{5FFA0DE4-1489-4267-8A79-52DECC2D0351}.Release|x86.ActiveCfg = Release|Win32
		{5FFA0DE4-1489-4267-8A79-52DECC2D0351}.Release|x86.Build.0 = Release|Win32
		{09C39B9E-27F5-4B39-9829-2815FD1C5469}.Debug|x86.ActiveCfg = Debug|Win32
		{09C39B9E-27F5-4B39-9829-2815FD1C5469}.Debug|x86.Build.0 = Debug|Win32
		{09C39B9E-27F5-4B39-9829-2815FD1C5469}.Release|x86.ActiveCfg = Release|Win32
		{09C39B9E-27F5-4B39-9829-2815FD1C5469}.Release|x86.Build.0 = Release|Win32
		{4031B66E-39A3-401E-918A-E1424A4AF944}.Debug|x86.ActiveCfg = Debug|Win32
		{4031B66E-39A3-401E-918A-E1424A4AF944}.Debug|x86.Build.0 = Debug|Win32
		{4031B66E-39A3-401E-918A-E1424A4AF944}.Release|x86.ActiveCfg = Release|Win32
		{4031B66E-39A3-401E-918A-E1424A4AF944}.Release|x86.Build.0 = Release|Win32
		{68C18DA9-79BB-43A5-9E0C-79740AEA954B}.Debug|x86.ActiveCfg = Debug|Win32
		{68C18DA9-79BB-43A5-9E0C-79740AEA954B}.Debug|x86.Build.0 = Debug|Win32
		{68C18DA9-79BB-43A5-9E0C-79740AEA954B}.Release|x86.ActiveCfg = Release|Win32
		{68C18DA9-79BB-43A5-9E0C-79740AEA954B}.Release|x86.Build.0 = Release|Win32
		{81630E0D-E1EF-4837-A0EE-30435ED4FE59}.Debug|x86.ActiveCfg = Debug|Win32
		{81630E0D-E1EF-4837-A0EE-30435ED4FE59}.Debug|x86.Build.0 = Debug|Win32
		{81630E0D-E1EF-4837-A0EE-30435ED4FE59}.Release|x86.ActiveCfg = Release|Win32
		{81630E0D-E1EF-4837-A0EE-30435ED4FE59}.Release|x86.Build.0 = Release|Win32
		{18829913-B301-424C-8CD8-D95773038029}.Debug|x86.ActiveCfg = Debug|Win32
		{18829913-B301-424C-8CD8-D95773038029}.Debug|x86.Build.0 = Debug|Win32
		{18829913-B301-424C-8CD8-D95773038029}.Release|x86.ActiveCfg = Release|Win32
		{18829913-B301-424C-8CD8-D95773038029}.Release|x86.Build.0 = Release|Win32
		{5C357759-CA95-42E1-B907-DFB87A995F6C}.Debug|x86.ActiveCfg = Debug|Win32
		{5C357759-CA95-42E1-B907-DFB87A995F6C}.Debug|x86.Build.0 = Debug|Win32
		{5C357759-CA95-42E1-B907-DFB87A995F6C}.Release|x86.ActiveCfg = Release|Win32
		{5C357759-CA95-42E1-B907-DFB87A995F6C}.Release|x86.Build.0 = Release|Win32
		{DBE6D3F5-4E3D-4DF8-B520-A27BCE5A5D21}.Debug|x86.ActiveCfg = Debug|Win32
		{DBE6D3F5-4E3D-4DF8-B520-A27BCE5A5D21}.Debug|x86.Build.0 = Debug|Win32
		{DBE6D3F5-4E3D-4DF8-B520-A27BCE5A5D21}.Release|x86.ActiveCfg = Release|Win32
		{DBE6D3F5-4E3D-4DF8-B520-A27BCE5A5D21}.Release|x86.Build.0 = Release|Win32
		{637A0E9C-1867-459D-8611-65A064E3B2C2}.Debug|x86.ActiveCfg = Debug|Win32
		{637A0E9C-1867-459D-8611-65A064E3B2C2}.Debug|x86.Build.0 = Debug|Win32
		{637A0E9C-1867-459D-8611-65A064E3B2C2}.Release|x86.ActiveCfg = Release|Win32
		{637A0E9C-1867-459D-8611-65A064E3B2C2}.Release|x86.Build.0 = Release|Win32
		{EE2229A3-AD5F-46E7-AFAB-729F8AA18036}.Debug|x86.ActiveCfg = Debug|Win32
		{EE2229A3-AD5F-46E7-AFAB-729F8AA18036}.Debug|x86.Build.0 = Debug|Win32
		{EE2229A3-AD5F-46E7-AFAB-729F8AA18036}.Release|x86.ActiveCfg = Release|Win32
		{EE2229A3-AD5F-46E7-AFAB-729F8AA18036}.Release|x86.Build.0 = Release|Win32
		{E6044D31-8304-4854-99AC-CBEF18B9E7D3}.Debug|x86.ActiveCfg = Debug|Win32
		{E6044D31-8304-4854-99AC-CBEF18B9E7D3}.Debug|x86.Build.0 = Debug|Win32
		{E6044D31-8304-4854-99AC-CBEF18B9E7D3}.Release|x86.ActiveCfg = Release|Win32
		{E6044D31-8304-4854-99AC-CBEF18B9E7D3}.Release|x86.Build.0 = Release|Win32
		{EB4F1EE0-CB3B-4B2E-9655-A8E22F948575}.Debug|x86.ActiveCfg = Debug|Win32
		{EB4F1EE0-CB3B-4B2E-9655-A8E22F948575}.Debug|x86.Build.0 = Debug|Win32
		{EB4F1EE0-CB3B-4B2E-9655-A8E22F948575}.Release|x86.ActiveCfg = Release|Win32
		{EB4F1EE0-CB3B-4B2E-9655-A8E22F948575}.Release|x86.Build.0 = Release|Win32
		{FDB8A0EB-D438-43B4-B65F-FF1B80A9D45B}.Debug|x86.ActiveCfg = Debug|Win32
		{FDB8A0EB-D438-43B4-B65F-FF1B80A9D45B}.Debug|x86.Build.0 = Debug|Win32
		{FDB8A0EB-D438-43B4-B65F-FF1B80A9D45B}.Release|x86.ActiveCfg = Release|Win32
		{FDB8A0EB-D438-43B4-B65F-FF1B80A9D45B}.Release|x86.Build.0 = Release|Win32
		{A502C49C-7014-4D77-8BD9-B3F917AD34B0}.Debug|x86.ActiveCfg = Debug|Win32
		{A502C49C-7014-4D77-8BD9-B3F917AD34B0}.Debug|x86.Build.0 = Debug|Win32
		{A502C49C-7014-4D77-8BD9-B3F917AD34B0}.Release|x86.ActiveCfg = Release|Win32
		{A502C49C-7014-4D77-8BD9-B3F917AD34B0}.Release|x86.Build.0 = Release|Win32
		{6728BB94-9882-4804-87D3-CE9CEB62FDAB}.Debug|x86.ActiveCfg = Debug|Win32
		{6728BB94-9882-4804-87D3-CE9CEB62FDAB}.Debug|x86.Build.0 = Debug|Win32
		{6728BB94-9882-4804-87D3-CE9CEB62FDAB}.Release|x86.ActiveCfg = Release|Win32
		{6728BB94-9882-4804-87D3-CE9CEB62FDAB}.Release|x86.Build.0 = Release|Win32
		{A7737C76-5221-47A5-86B7-84BD56C47730}.Debug|x86.ActiveCfg = Debug|Win32
		{A7737C76-5221-47A5-86B7-84BD56C47730}.Debug|x86.Build.0 = Debug|Win32
		{A7737C76-5221-47A5-86B7-84BD56C47730}.Release|x86.ActiveCfg = Release|Win32
		{A7737C76-5221-47A5-86B7-84BD56C47730}.Release|x86.Build.0 = Release|Win32
		{748F2E41-4C8F-4C0F-A90A-26ECA6741A34}.Debug|x86.ActiveCfg = Debug|Win32
		{748F2E41-4C8F-4C0F-A90A-26ECA6741A34}.Debug|x86.Build.0 = Debug|Win32
		{748F2E41-4C8F-4C0F-A90A-26ECA6741A34}.Release|x86.ActiveCfg = Release|Win32
		{748F2E41-4C8F-4C0F-A90A-26ECA6741A34}.Release|x86.Build.0 = Release|Win32
		{6030CF6B-1A8B-421B-92CE-4EB965751636}.Debug|x86.ActiveCfg = Debug|Win32
		{6030CF6B-1A8B-421B-92CE-4EB965751636}.Debug|x86.Build.0 = Debug|Win32
		{6030CF6B-1A8B-421B-92CE-4EB965751636}.Release|x86.ActiveCfg = Release|Win32
		{6030CF6B-1A8B-421B-92CE-4EB965751636}.Release|x86.Build.0 = Release|Win32
		{F5E6AE49-23DC-421B-AD33-C422E8590520}.Debug|x86.ActiveCfg = Debug|Win32
		{F5E6AE49-23DC-421B-AD33-C422E8590520}.Debug|x86.Build.0 = Debug|Win32
		{F5E6AE49-23DC-421B-AD33-C422E8590520}.Release|x86.ActiveCfg = Release|Win32
		{F5E6AE49-23DC-421B-AD33-C422E8590520}.Release|x86.Build.0 = Release|Win32
		{A9854FD8-F2E4-4B5A-8C15-D3C661DD4DEF}.Debug|x86.ActiveCfg = Debug|Win32
		{A9854FD8-F2E4-4B5A-8C15-D3C661DD4DEF}.Debug|x86.Build.0 = Debug|Win32
		{A9854FD8-F2E4-4B5A-8C15-D3C661DD4DEF}.Release|x86.ActiveCfg = Release|Win32
		{A9854FD8-F2E4-4B5A-8C15-D3C661DD4DEF}.Release|x86.Build.0 = Release|Win32
		{CA120FA2-89A7-4957-A4A5-4746972AA39F}.Debug|x86.ActiveCfg = Debug|Win32
		{CA120FA2-89A7-4957-A4A5-4746972AA39F}.Debug|x86.Build.0 = Debug|Win32
		{CA120FA2-89A7-4957-A4A5-4746972AA39F}.Release|x86.ActiveCfg = Release|Win32
		{CA120FA2-89A7-4957-A4A5-4746972AA39F}.Release|x86.Build.0 = Release|Win32
		{7F41D3CE-EF51-43B9-A6AC-8C3DF4894430}.Debug|x86.ActiveCfg = Debug|Win32
		{7F41D3CE-EF51-43B9-A6AC-8C3DF4894430}.Debug|x86.Build.0 = Debug|Win32
		{7F41D3CE-EF51-43B9-A6AC-8C3DF4894430}.Release|x86.ActiveCfg = Release|Win32
		{7F41D3CE-EF51-43B9-A6AC-8C3DF4894430}.Release|x86.Build.0 = Release|Win32
		{E2AADCAC-8F80-4DF4-AAFE-C48B51508533}.Debug|x86.ActiveCfg = Debug|Win32
		{E2AADCAC-8F80-4DF4-AAFE-C48B51508533}.Debug|x86.Build.0 = Debug|Win32
		{E2AADCAC-8F80-4DF4-AAFE-C48B51508533}.Release|x86.ActiveCfg = Release|Win32
		{E2AADCAC-8F80-4DF4-AAFE-C48B51508533}.Release|x86.Build.0 = Release|Win32
		{510EAACB-B026-43F3-A68D-3EC421E46DD0}.Debug|x86.ActiveCfg = Debug|Win32
		{510EAACB-B026-43F3-A68D-3EC421E46DD0}.Debug|x86.Build.0 = Debug|Win32
		{510EAACB-B026-43F3-A68D-3EC421E46DD0}.Release|x86.ActiveCfg = Release|Win32
		{510EAACB-B026-43F3-A68D-3EC421E46DD0}.Release|x86.Build.0 = Release|Win32
		{66207E9A-031C-402B-9E3E-FA5599A1C89B}.Debug|x86.ActiveCfg = Debug|Win32
		{66207E9A-031C-402B-9E3E-FA5599A1C89B}.Debug|x86.Build.0 = Debug|Win32
		{66207E9A-031C-402B-9E3E-FA5599A1C89B}.Release|x86.ActiveCfg = Release|Win32
		{66207E9A-031C-402B-9E3E-FA5599A1C89B}.Release|x86.Build.0 = Release|Win32
		{88574804-351F-4308-BD45-E33F503FDD70}.Debug|x86.ActiveCfg = Debug|Win32
		{88574804-351F-4308-BD45-E33F503FDD70}.Debug|x86.Build.0 = Debug|Win32
		{88574804-351F-4308-BD45-E33F503FDD70}.Release|x86.ActiveCfg = Release|Win32
		{88574804-351F-4308-BD45-E33F503FDD70}.Release|x86.Build.0 = Release|Win32
		{4EEE80E8-662F-4EC2-A19B-68B1D7F8C46F}.Debug|x86.ActiveCfg = Debug|Win32
		{4EEE80E8-662F-4EC2-A19B-68B1D7F8C46F}.Debug|x86.Build.0 = Debug|Win32
		{4EEE80E8-662F-4EC2-A19B-68B1D7F8C46F}.Release|x86.ActiveCfg = Release|Win32
		{4EEE80E8-662F-4EC2-A19B-68B1D7F8C46F}.Release|x86.Build.0 = Release|Win32
		{0BA2F6EF-159C-4330-8A7B-74C931CFF5F9}.Debug|x86.ActiveCfg = Debug|Win32
		{0BA2F6EF-159C-4330-8A7B-74C931CFF5F9}.Debug|x86.Build.0 = Debug|Win32
		{0BA2F6EF-159C-4330-8A7B-74C931CFF5F9}.Release|x86.ActiveCfg = Release|Win32
		{0BA2F6EF-159C-4330-8A7B-74C931CFF5F9}.Release|x86.Build.0 = Release|Win32
		{C2F9D0FF-6A33-4A29-BA66-7BBF6EC57D02}.Debug|x86.ActiveCfg = Debug|Win32
		{C2F9D0FF-6A33-4A29-BA66-7BBF6EC57D02}.Debug|x86.Build.0 = Debug|Win32
		{C2F9D0FF-6A33-4A29-BA66-7BBF6EC57D02}.Release|x86.ActiveCfg = Release|Win32
		{C2F9D0FF-6A33-4A29-BA66-7BBF6EC57D02}.Release|x86.Build.0 = Release|Win32
		{23803B4B-8214-46DA-828B-F66EE0B095DA}.Debug|x86.ActiveCfg = Debug|Win32
		{23803B4B-8214-46DA-828B-F66EE0B095DA}.Debug|x86.Build.0 = Debug|Win32
		{23803B4B-8214-46DA-828B-F66EE0B095DA}.Release|x86.ActiveCfg = Release|Win32
		{23803B4B-8214-46DA-828B-F66EE0B095DA}.Release|x86.Build.0 = Release|Win32
		{4ABA57FF-958F-4077-9010-B25FC862469B}.Debug|x86.ActiveCfg = Debug|Win32
		{4ABA57FF-958F-4077-9010-B25FC862469B}.Debug|x86.Build.0 = Debug|Win32
		{4ABA57FF-958F-4077-9010-B25FC862469B}.Release|x86.ActiveCfg = Release|Win32
		{4ABA57FF-958F-4077-9010-B25FC862469B}.Release|x86.Build.0 = Release|Win32
		{16868CDE-6DEF-4136-8CC8-75212F34462E}.Debug|x86.ActiveCfg = Debug|Win32
		{16868CDE-6DEF-4136-8CC8-75212F34462E}.Debug|x86.Build.0 = Debug|Win32
		{16868CDE-6DEF-4136-8CC8-75212F34462E}.Release|x86.ActiveCfg = Release|Win32
		{16868CDE-6DEF-4136-8CC8-75212F34462E}.Release|x86.Build.0 = Release|Win32
		{8F1C8DB8-6B46-40C8-9ACF-E6AD237E47D4}.Debug|x86.ActiveCfg = Debug|Win32
		{8F1C8DB8-6B46-40C8-9ACF-E6AD237E47D4}.Debug|x86.Build.0 = Debug|Win32
		{8F1C8DB8-6B46-40C8-9ACF-E6AD237E47D4}.Release|x86.ActiveCfg = Release|Win32
		{8F1C8DB8-6B46-40C8-9ACF-E6AD237E47D4}.Release|x86.Build.0 = Release|Win32
		{DBEF5985-8371-4D60-BDE1-0CD58F8017F8}.Debug|x86.ActiveCfg = Debug|Win32
		{DBEF5985-8371-4D60-BDE1-0CD58F8017F8}.Debug|x86.Build.0 = Debug|Win32
		{DBEF5985-8371-4D60-BDE1-0CD58F8017F8}.Release|x86.ActiveCfg = Release|Win32
		{DBEF5985-8371-4D60-BDE1-0CD58F8017F8}.Release|x86.Build.0 = Release|Win32
		{E421CC5F-0909-4F8D-8E9A-BCB52E0E8350}.Debug|x86.ActiveCfg = Debug|Win32
		{E421CC5F-0909-4F8D-8E9A-BCB52E0E8350}.Debug|x86.Build.0 = Debug|Win32
		{E421CC5F-0909-4F8D-8E9A-BCB52E0E8350}.Release|x86.ActiveCfg = Release|Win32
		{E421CC5F-0909-4F8D-8E9A-BCB52E0E8350}.Release|x86.Build.0 = Release|Win32
		{8B91994C-018B-4664-B615-A1EAC669CA5C}.Debug|x86.ActiveCfg = Debug|Win32
		{8B91994C-018B-4664-B615-A1EAC669CA5C}.Debug|x86.Build.0 = Debug|Win32
		{8B91994C-018B-4664-B615-A1EAC669CA5C}.Release|x86.ActiveCfg = Release|Win32
		{8B91994C-018B-4664-B615-A1EAC669CA5C}.Release|x86.Build.0 = Release|Win32
		{E8C6FFA3-644E-45C9-BE61-8633DB5202F9}.Debug|x86.ActiveCfg = Debug|Win32
		{E8C6FFA3-644E-45C9-BE61-8633DB5202F9}.Debug|x86.Build.0 = Debug|Win32
		{E8C6FFA3-644E-45C9-BE61-8633DB5202F9}.Release|x86.ActiveCfg = Release|Win32
		{E8C6FFA3-644E-45C9-BE61-8633DB5202F9}.Release|x86.Build.0 = Release|Win32
		{2370B721-44D7-4C75-82A3-0DA31B485CF0}.Debug|x86.ActiveCfg = Debug|Win32
		{2370B721-44D7-4C75-82A3-0DA31B485CF0}.Debug|x86.Build.0 = Debug|Win32
		{2370B721-44D7-4C75-82A3-0DA31B485CF0}.Release|x86.ActiveCfg = Release|Win32
		{2370B721-44D7-4C75-82A3-0DA31B485CF0}.Release|x86.Build.0 = Release|Win32
		{9FB05942-DCAE-4A6F-8F99-86E20DE9DFCC}.Debug|x86.ActiveCfg = Debug|Win32
		{9FB05942-DCAE-4A6F-8F99-86E20DE9DFCC}.Debug|x86.Build.0 = Debug|Win32
		{9FB05942-DCAE-4A6F-8F99-86E20DE9DFCC}.Release|x86.ActiveCfg = Release|Win32
		{9FB05942-DCAE-4A6F-8F99-86E20DE9DFCC}.Release|x86.Build.0 = Release|Win32
		{D2391076-CB41-4144-8DA2-398645025ACD}.Debug|x86.ActiveCfg = Debug|Win32
		{D2391076-CB41-4144-8DA2-398645025ACD}.Debug|x86.Build.0 = Debug|Win32
		{D2391076-CB41-4144-8DA2-398645025ACD}.Release|x86.ActiveCfg = Release|Win32
		{D2391076-CB41-4144-8DA2-398645025ACD}.Release|x86.Build.0 = Release|Win32
		{A195A500-4DB0-4E64-BEA7-CF45A904B755}.Debug|x86.ActiveCfg = Debug|Win32
		{A195A500-4DB0-4E64-BEA7-CF45A904B755}.Debug|x86.Build.0 = Debug|Win32
		{A195A500-4DB0-4E64-BEA7-CF45A904B755}.Release|x86.ActiveCfg = Release|Win32
		{A195A500-4DB0-4E64-BEA7-CF45A904B755}.Release|x86.Build.0 = Release|Win32
	EndGlobalSection
	GlobalSection(SolutionProperties) = preSolution
		HideSolutionNode = FALSE
	EndGlobalSection
	GlobalSection(NestedProjects) = preSolution
		{5AE91E72-1C23-4913-BEA9-1FE795C570F5} = {52D71E34-7CEF-4BEC-BFFE-F71BA5E271D3}
		{D1ACC0BE-3A2B-450F-A708-F3E84DF5E5AD} = {06BB1CEF-7A3C-4F5C-BC78-BEEBBD321038}
		{6055092D-EE59-4159-B923-A375401AA099} = {FB326531-66D8-4FA3-8EE1-766C2FFFC441}
		{CC45AE0E-8C51-4759-9614-8BC321C565A0} = {FB326531-66D8-4FA3-8EE1-766C2FFFC441}
		{5FFA0DE4-1489-4267-8A79-52DECC2D0351} = {1ECCB608-E7FC-4817-88D7-E24DB732A472}
		{09C39B9E-27F5-4B39-9829-2815FD1C5469} = {FB326531-66D8-4FA3-8EE1-766C2FFFC441}
		{4031B66E-39A3-401E-918A-E1424A4AF944} = {FB326531-66D8-4FA3-8EE1-766C2FFFC441}
		{68C18DA9-79BB-43A5-9E0C-79740AEA954B} = {06BB1CEF-7A3C-4F5C-BC78-BEEBBD321038}
		{81630E0D-E1EF-4837-A0EE-30435ED4FE59} = {1ECCB608-E7FC-4817-88D7-E24DB732A472}
		{18829913-B301-424C-8CD8-D95773038029} = {C4E0004D-4B0E-4F5B-9553-E5C40D575A2A}
		{5C357759-CA95-42E1-B907-DFB87A995F6C} = {C4E0004D-4B0E-4F5B-9553-E5C40D575A2A}
		{DBE6D3F5-4E3D-4DF8-B520-A27BCE5A5D21} = {6E78CA69-AE4F-4D0D-A979-087183076939}
		{637A0E9C-1867-459D-8611-65A064E3B2C2} = {C4E0004D-4B0E-4F5B-9553-E5C40D575A2A}
		{EE2229A3-AD5F-46E7-AFAB-729F8AA18036} = {6E78CA69-AE4F-4D0D-A979-087183076939}
		{E6044D31-8304-4854-99AC-CBEF18B9E7D3} = {FB326531-66D8-4FA3-8EE1-766C2FFFC441}
		{EB4F1EE0-CB3B-4B2E-9655-A8E22F948575} = {6E78CA69-AE4F-4D0D-A979-087183076939}
		{FDB8A0EB-D438-43B4-B65F-FF1B80A9D45B} = {6E78CA69-AE4F-4D0D-A979-087183076939}
		{A502C49C-7014-4D77-8BD9-B3F917AD34B0} = {C4E0004D-4B0E-4F5B-9553-E5C40D575A2A}
		{6728BB94-9882-4804-87D3-CE9CEB62FDAB} = {1ECCB608-E7FC-4817-88D7-E24DB732A472}
		{A7737C76-5221-47A5-86B7-84BD56C47730} = {52D71E34-7CEF-4BEC-BFFE-F71BA5E271D3}
		{748F2E41-4C8F-4C0F-A90A-26ECA6741A34} = {6E78CA69-AE4F-4D0D-A979-087183076939}
		{6030CF6B-1A8B-421B-92CE-4EB965751636} = {523A8627-A1DC-4793-92CB-A23CB82180ED}
		{F5E6AE49-23DC-421B-AD33-C422E8590520} = {06BB1CEF-7A3C-4F5C-BC78-BEEBBD321038}
		{A9854FD8-F2E4-4B5A-8C15-D3C661DD4DEF} = {6E78CA69-AE4F-4D0D-A979-087183076939}
		{CA120FA2-89A7-4957-A4A5-4746972AA39F} = {1ECCB608-E7FC-4817-88D7-E24DB732A472}
		{7F41D3CE-EF51-43B9-A6AC-8C3DF4894430} = {523A8627-A1DC-4793-92CB-A23CB82180ED}
		{510EAACB-B026-43F3-A68D-3EC421E46DD0} = {6E78CA69-AE4F-4D0D-A979-087183076939}
		{66207E9A-031C-402B-9E3E-FA5599A1C89B} = {C4E0004D-4B0E-4F5B-9553-E5C40D575A2A}
		{1ECCB608-E7FC-4817-88D7-E24DB732A472} = {FD97D978-3DE3-4480-AA1C-7611DB365B97}
		{6E78CA69-AE4F-4D0D-A979-087183076939} = {FD97D978-3DE3-4480-AA1C-7611DB365B97}
		{52D71E34-7CEF-4BEC-BFFE-F71BA5E271D3} = {FD97D978-3DE3-4480-AA1C-7611DB365B97}
		{523A8627-A1DC-4793-92CB-A23CB82180ED} = {FD97D978-3DE3-4480-AA1C-7611DB365B97}
		{88574804-351F-4308-BD45-E33F503FDD70} = {523A8627-A1DC-4793-92CB-A23CB82180ED}
		{C4E0004D-4B0E-4F5B-9553-E5C40D575A2A} = {FD97D978-3DE3-4480-AA1C-7611DB365B97}
		{4EEE80E8-662F-4EC2-A19B-68B1D7F8C46F} = {C4E0004D-4B0E-4F5B-9553-E5C40D575A2A}
		{0BA2F6EF-159C-4330-8A7B-74C931CFF5F9} = {C4E0004D-4B0E-4F5B-9553-E5C40D575A2A}
		{F5218508-9DDA-4A96-BFCD-688C46B4180A} = {FD97D978-3DE3-4480-AA1C-7611DB365B97}
		{86E6E106-4572-4E82-864F-1FF49B0C9441} = {FD97D978-3DE3-4480-AA1C-7611DB365B97}
		{23803B4B-8214-46DA-828B-F66EE0B095DA} = {4FA566D9-2D4A-4224-B004-84AD2D39BAD7}
		{4ABA57FF-958F-4077-9010-B25FC862469B} = {6E78CA69-AE4F-4D0D-A979-087183076939}
		{FB326531-66D8-4FA3-8EE1-766C2FFFC441} = {FD97D978-3DE3-4480-AA1C-7611DB365B97}
		{16868CDE-6DEF-4136-8CC8-75212F34462E} = {1ECCB608-E7FC-4817-88D7-E24DB732A472}
		{8F1C8DB8-6B46-40C8-9ACF-E6AD237E47D4} = {6E78CA69-AE4F-4D0D-A979-087183076939}
		{DBEF5985-8371-4D60-BDE1-0CD58F8017F8} = {6E78CA69-AE4F-4D0D-A979-087183076939}
		{06BB1CEF-7A3C-4F5C-BC78-BEEBBD321038} = {F5218508-9DDA-4A96-BFCD-688C46B4180A}
		{E421CC5F-0909-4F8D-8E9A-BCB52E0E8350} = {06BB1CEF-7A3C-4F5C-BC78-BEEBBD321038}
		{8B91994C-018B-4664-B615-A1EAC669CA5C} = {F5218508-9DDA-4A96-BFCD-688C46B4180A}
		{E8C6FFA3-644E-45C9-BE61-8633DB5202F9} = {F5218508-9DDA-4A96-BFCD-688C46B4180A}
		{2370B721-44D7-4C75-82A3-0DA31B485CF0} = {86E6E106-4572-4E82-864F-1FF49B0C9441}
		{9FB05942-DCAE-4A6F-8F99-86E20DE9DFCC} = {86E6E106-4572-4E82-864F-1FF49B0C9441}
	EndGlobalSection
	GlobalSection(ExtensibilityGlobals) = postSolution
		SolutionGuid = {8D54C01A-3C82-4351-A325-2853C3E81322}
	EndGlobalSection
EndGlobal
